
Microsoft Visual Studio Solution File, Format Version 12.00
# Visual Studio Version 16
VisualStudioVersion = 16.0.30413.136
MinimumVisualStudioVersion = 10.0.40219.1
Project("{F184B08F-C81C-45F6-A57F-5ABD9991F28F}") = "ListBoxExaxple", "ListBoxExaxple.vbproj", "{CD7E805F-AA7D-4947-AE4B-4DE115789712}"
EndProject
Global
	GlobalSection(SolutionConfigurationPlatforms) = preSolution
		Debug|Any CPU = Debug|Any CPU
		Release|Any CPU = Release|Any CPU
	EndGlobalSection
	GlobalSection(ProjectConfigurationPlatforms) = postSolution
		{CD7E805F-AA7D-4947-AE4B-4DE115789712}.Debug|Any CPU.ActiveCfg = Debug|Any CPU
		{CD7E805F-AA7D-4947-AE4B-4DE115789712}.Debug|Any CPU.Build.0 = Debug|Any CPU
		{CD7E805F-AA7D-4947-AE4B-4DE115789712}.Release|Any CPU.ActiveCfg = Release|Any CPU
		{CD7E805F-AA7D-4947-AE4B-4DE115789712}.Release|Any CPU.Build.0 = Release|Any CPU
	EndGlobalSection
	GlobalSection(SolutionProperties) = preSolution
		HideSolutionNode = FALSE
	EndGlobalSection
	GlobalSection(ExtensibilityGlobals) = postSolution
		SolutionGuid = {D59B411C-E727-4895-8788-4DD315FC3351}
	EndGlobalSection
EndGlobal
